
Microsoft Visual Studio Solution File, Format Version 12.00
# Visual Studio Version 17
VisualStudioVersion = 17.4.33213.308
MinimumVisualStudioVersion = 10.0.40219.1
Project("{FAE04EC0-301F-11D3-BF4B-00C04F79EFBC}") = "CodeClean", "CodeClean.csproj", "{AD2D1109-D57B-483B-8C03-AA221AF3F3D8}"
EndProject
Global
	GlobalSection(SolutionConfigurationPlatforms) = preSolution
		Debug|Any CPU = Debug|Any CPU
		Release|Any CPU = Release|Any CPU
	EndGlobalSection
	GlobalSection(ProjectConfigurationPlatforms) = postSolution
		{AD2D1109-D57B-483B-8C03-AA221AF3F3D8}.Debug|Any CPU.ActiveCfg = Debug|Any CPU
		{AD2D1109-D57B-483B-8C03-AA221AF3F3D8}.Debug|Any CPU.Build.0 = Debug|Any CPU
		{AD2D1109-D57B-483B-8C03-AA221AF3F3D8}.Release|Any CPU.ActiveCfg = Release|Any CPU
		{AD2D1109-D57B-483B-8C03-AA221AF3F3D8}.Release|Any CPU.Build.0 = Release|Any CPU
	EndGlobalSection
	GlobalSection(SolutionProperties) = preSolution
		HideSolutionNode = FALSE
	EndGlobalSection
	GlobalSection(ExtensibilityGlobals) = postSolution
		SolutionGuid = {B3D42C2D-D1FB-4A41-AF0B-39CAF2F8690F}
	EndGlobalSection
EndGlobal
